// !$*UTF8*$!
{
	archiveVersion = 1;
	classes = {
	};
	objectVersion = 52;
	objects = {

/* Begin PBXBuildFile section */
		ED1A0D7826D3BC9B0044B77B /* SearchViewModel.swift in Sources */ = {isa = PBXBuildFile; fileRef = ED1A0D7726D3BC9B0044B77B /* SearchViewModel.swift */; };
		ED1A0D7A26D3BD400044B77B /* SearchViewController.swift in Sources */ = {isa = PBXBuildFile; fileRef = ED1A0D7926D3BD400044B77B /* SearchViewController.swift */; };
		ED1B40A026CFE6DE000C0157 /* DetailViewModel.swift in Sources */ = {isa = PBXBuildFile; fileRef = ED1B409F26CFE6DE000C0157 /* DetailViewModel.swift */; };
		ED5DE7F926CEAA6600AABD8D /* GameTableViewCell.swift in Sources */ = {isa = PBXBuildFile; fileRef = ED5DE7F726CEAA6600AABD8D /* GameTableViewCell.swift */; };
		ED5DE7FA26CEAA6600AABD8D /* GameTableViewCell.xib in Resources */ = {isa = PBXBuildFile; fileRef = ED5DE7F826CEAA6600AABD8D /* GameTableViewCell.xib */; };
		ED5DE7FE26CEACB100AABD8D /* ActivityIndicator.swift in Sources */ = {isa = PBXBuildFile; fileRef = ED5DE7FD26CEACB100AABD8D /* ActivityIndicator.swift */; };
		ED5DE80026CEAEBB00AABD8D /* GameModel.swift in Sources */ = {isa = PBXBuildFile; fileRef = ED5DE7FF26CEAEBB00AABD8D /* GameModel.swift */; };
		ED5DE80226CEAF1800AABD8D /* GameDetailModel.swift in Sources */ = {isa = PBXBuildFile; fileRef = ED5DE80126CEAF1800AABD8D /* GameDetailModel.swift */; };
		ED5DE80426CEAFED00AABD8D /* HomeViewModel.swift in Sources */ = {isa = PBXBuildFile; fileRef = ED5DE80326CEAFED00AABD8D /* HomeViewModel.swift */; };
		ED5DE80926CEB1CA00AABD8D /* Kingfisher in Frameworks */ = {isa = PBXBuildFile; productRef = ED5DE80826CEB1CA00AABD8D /* Kingfisher */; };
		ED6F837E26D6FA640023F50E /* FavoritesViewModel.swift in Sources */ = {isa = PBXBuildFile; fileRef = ED6F837D26D6FA640023F50E /* FavoritesViewModel.swift */; };
		ED6F838026D6FA970023F50E /* FavoritesViewController.swift in Sources */ = {isa = PBXBuildFile; fileRef = ED6F837F26D6FA970023F50E /* FavoritesViewController.swift */; };
		ED6F838726D6FBD90023F50E /* GameCoreDataModel.xcdatamodeld in Sources */ = {isa = PBXBuildFile; fileRef = ED6F838526D6FBD90023F50E /* GameCoreDataModel.xcdatamodeld */; };
		ED6F838926D6FC740023F50E /* GameProvider.swift in Sources */ = {isa = PBXBuildFile; fileRef = ED6F838826D6FC740023F50E /* GameProvider.swift */; };
		ED8C743326C40B810075DE4E /* AppDelegate.swift in Sources */ = {isa = PBXBuildFile; fileRef = ED8C743226C40B810075DE4E /* AppDelegate.swift */; };
		ED8C743526C40B810075DE4E /* SceneDelegate.swift in Sources */ = {isa = PBXBuildFile; fileRef = ED8C743426C40B810075DE4E /* SceneDelegate.swift */; };
		ED8C743D26C40B810075DE4E /* dolandolen.xcdatamodeld in Sources */ = {isa = PBXBuildFile; fileRef = ED8C743B26C40B810075DE4E /* dolandolen.xcdatamodeld */; };
		ED8C743F26C40B820075DE4E /* Assets.xcassets in Resources */ = {isa = PBXBuildFile; fileRef = ED8C743E26C40B820075DE4E /* Assets.xcassets */; };
		ED8C744226C40B820075DE4E /* LaunchScreen.storyboard in Resources */ = {isa = PBXBuildFile; fileRef = ED8C744026C40B820075DE4E /* LaunchScreen.storyboard */; };
		ED8C744D26C40B820075DE4E /* dolandolenTests.swift in Sources */ = {isa = PBXBuildFile; fileRef = ED8C744C26C40B820075DE4E /* dolandolenTests.swift */; };
		ED8C745826C40B820075DE4E /* dolandolenUITests.swift in Sources */ = {isa = PBXBuildFile; fileRef = ED8C745726C40B820075DE4E /* dolandolenUITests.swift */; };
		ED8C746A26C410440075DE4E /* TabbarViewController.swift in Sources */ = {isa = PBXBuildFile; fileRef = ED8C746926C410440075DE4E /* TabbarViewController.swift */; };
		ED8C746C26C410AD0075DE4E /* AboutViewController.swift in Sources */ = {isa = PBXBuildFile; fileRef = ED8C746B26C410AD0075DE4E /* AboutViewController.swift */; };
		ED8C746E26C4122D0075DE4E /* HomeViewController.swift in Sources */ = {isa = PBXBuildFile; fileRef = ED8C746D26C4122D0075DE4E /* HomeViewController.swift */; };
		EDA0094426C80D9000708355 /* APIServices.swift in Sources */ = {isa = PBXBuildFile; fileRef = EDA0094326C80D9000708355 /* APIServices.swift */; };
		EDA0094626C80DAA00708355 /* NetworkMonitor.swift in Sources */ = {isa = PBXBuildFile; fileRef = EDA0094526C80DAA00708355 /* NetworkMonitor.swift */; };
		EDA9CE0C26D24AD600C416F7 /* DetailViewController.swift in Sources */ = {isa = PBXBuildFile; fileRef = EDA9CE0A26D24AD600C416F7 /* DetailViewController.swift */; };
		EDA9CE0D26D24AD600C416F7 /* DetailViewController.xib in Resources */ = {isa = PBXBuildFile; fileRef = EDA9CE0B26D24AD600C416F7 /* DetailViewController.xib */; };
		EDC6F57626CF9681006F2327 /* NetworkErrorHandling.swift in Sources */ = {isa = PBXBuildFile; fileRef = EDC6F57526CF9681006F2327 /* NetworkErrorHandling.swift */; };
		EDF9DB1D26D4ED6D006814A1 /* Utils.swift in Sources */ = {isa = PBXBuildFile; fileRef = EDF9DB1C26D4ED6D006814A1 /* Utils.swift */; };
/* End PBXBuildFile section */

/* Begin PBXContainerItemProxy section */
		ED8C744926C40B820075DE4E /* PBXContainerItemProxy */ = {
			isa = PBXContainerItemProxy;
			containerPortal = ED8C742726C40B810075DE4E /* Project object */;
			proxyType = 1;
			remoteGlobalIDString = ED8C742E26C40B810075DE4E;
			remoteInfo = dolandolen;
		};
		ED8C745426C40B820075DE4E /* PBXContainerItemProxy */ = {
			isa = PBXContainerItemProxy;
			containerPortal = ED8C742726C40B810075DE4E /* Project object */;
			proxyType = 1;
			remoteGlobalIDString = ED8C742E26C40B810075DE4E;
			remoteInfo = dolandolen;
		};
/* End PBXContainerItemProxy section */

/* Begin PBXFileReference section */
		ED1A0D7726D3BC9B0044B77B /* SearchViewModel.swift */ = {isa = PBXFileReference; lastKnownFileType = sourcecode.swift; path = SearchViewModel.swift; sourceTree = "<group>"; };
		ED1A0D7926D3BD400044B77B /* SearchViewController.swift */ = {isa = PBXFileReference; lastKnownFileType = sourcecode.swift; path = SearchViewController.swift; sourceTree = "<group>"; };
		ED1B409F26CFE6DE000C0157 /* DetailViewModel.swift */ = {isa = PBXFileReference; lastKnownFileType = sourcecode.swift; path = DetailViewModel.swift; sourceTree = "<group>"; };
		ED5DE7F726CEAA6600AABD8D /* GameTableViewCell.swift */ = {isa = PBXFileReference; lastKnownFileType = sourcecode.swift; path = GameTableViewCell.swift; sourceTree = "<group>"; };
		ED5DE7F826CEAA6600AABD8D /* GameTableViewCell.xib */ = {isa = PBXFileReference; lastKnownFileType = file.xib; path = GameTableViewCell.xib; sourceTree = "<group>"; };
		ED5DE7FD26CEACB100AABD8D /* ActivityIndicator.swift */ = {isa = PBXFileReference; lastKnownFileType = sourcecode.swift; path = ActivityIndicator.swift; sourceTree = "<group>"; };
		ED5DE7FF26CEAEBB00AABD8D /* GameModel.swift */ = {isa = PBXFileReference; lastKnownFileType = sourcecode.swift; path = GameModel.swift; sourceTree = "<group>"; };
		ED5DE80126CEAF1800AABD8D /* GameDetailModel.swift */ = {isa = PBXFileReference; lastKnownFileType = sourcecode.swift; path = GameDetailModel.swift; sourceTree = "<group>"; };
		ED5DE80326CEAFED00AABD8D /* HomeViewModel.swift */ = {isa = PBXFileReference; lastKnownFileType = sourcecode.swift; path = HomeViewModel.swift; sourceTree = "<group>"; };
		ED6F837D26D6FA640023F50E /* FavoritesViewModel.swift */ = {isa = PBXFileReference; lastKnownFileType = sourcecode.swift; path = FavoritesViewModel.swift; sourceTree = "<group>"; };
		ED6F837F26D6FA970023F50E /* FavoritesViewController.swift */ = {isa = PBXFileReference; lastKnownFileType = sourcecode.swift; path = FavoritesViewController.swift; sourceTree = "<group>"; };
		ED6F838626D6FBD90023F50E /* GameCoreDataModel.xcdatamodel */ = {isa = PBXFileReference; lastKnownFileType = wrapper.xcdatamodel; path = GameCoreDataModel.xcdatamodel; sourceTree = "<group>"; };
		ED6F838826D6FC740023F50E /* GameProvider.swift */ = {isa = PBXFileReference; lastKnownFileType = sourcecode.swift; path = GameProvider.swift; sourceTree = "<group>"; };
		ED8C742F26C40B810075DE4E /* dolandolen.app */ = {isa = PBXFileReference; explicitFileType = wrapper.application; includeInIndex = 0; path = dolandolen.app; sourceTree = BUILT_PRODUCTS_DIR; };
		ED8C743226C40B810075DE4E /* AppDelegate.swift */ = {isa = PBXFileReference; lastKnownFileType = sourcecode.swift; path = AppDelegate.swift; sourceTree = "<group>"; };
		ED8C743426C40B810075DE4E /* SceneDelegate.swift */ = {isa = PBXFileReference; lastKnownFileType = sourcecode.swift; path = SceneDelegate.swift; sourceTree = "<group>"; };
		ED8C743C26C40B810075DE4E /* dolandolen.xcdatamodel */ = {isa = PBXFileReference; lastKnownFileType = wrapper.xcdatamodel; path = dolandolen.xcdatamodel; sourceTree = "<group>"; };
		ED8C743E26C40B820075DE4E /* Assets.xcassets */ = {isa = PBXFileReference; lastKnownFileType = folder.assetcatalog; path = Assets.xcassets; sourceTree = "<group>"; };
		ED8C744126C40B820075DE4E /* Base */ = {isa = PBXFileReference; lastKnownFileType = file.storyboard; name = Base; path = Base.lproj/LaunchScreen.storyboard; sourceTree = "<group>"; };
		ED8C744326C40B820075DE4E /* Info.plist */ = {isa = PBXFileReference; lastKnownFileType = text.plist.xml; path = Info.plist; sourceTree = "<group>"; };
		ED8C744826C40B820075DE4E /* dolandolenTests.xctest */ = {isa = PBXFileReference; explicitFileType = wrapper.cfbundle; includeInIndex = 0; path = dolandolenTests.xctest; sourceTree = BUILT_PRODUCTS_DIR; };
		ED8C744C26C40B820075DE4E /* dolandolenTests.swift */ = {isa = PBXFileReference; lastKnownFileType = sourcecode.swift; path = dolandolenTests.swift; sourceTree = "<group>"; };
		ED8C744E26C40B820075DE4E /* Info.plist */ = {isa = PBXFileReference; lastKnownFileType = text.plist.xml; path = Info.plist; sourceTree = "<group>"; };
		ED8C745326C40B820075DE4E /* dolandolenUITests.xctest */ = {isa = PBXFileReference; explicitFileType = wrapper.cfbundle; includeInIndex = 0; path = dolandolenUITests.xctest; sourceTree = BUILT_PRODUCTS_DIR; };
		ED8C745726C40B820075DE4E /* dolandolenUITests.swift */ = {isa = PBXFileReference; lastKnownFileType = sourcecode.swift; path = dolandolenUITests.swift; sourceTree = "<group>"; };
		ED8C745926C40B820075DE4E /* Info.plist */ = {isa = PBXFileReference; lastKnownFileType = text.plist.xml; path = Info.plist; sourceTree = "<group>"; };
		ED8C746926C410440075DE4E /* TabbarViewController.swift */ = {isa = PBXFileReference; lastKnownFileType = sourcecode.swift; path = TabbarViewController.swift; sourceTree = "<group>"; };
		ED8C746B26C410AD0075DE4E /* AboutViewController.swift */ = {isa = PBXFileReference; lastKnownFileType = sourcecode.swift; path = AboutViewController.swift; sourceTree = "<group>"; };
		ED8C746D26C4122D0075DE4E /* HomeViewController.swift */ = {isa = PBXFileReference; lastKnownFileType = sourcecode.swift; path = HomeViewController.swift; sourceTree = "<group>"; };
		EDA0094326C80D9000708355 /* APIServices.swift */ = {isa = PBXFileReference; lastKnownFileType = sourcecode.swift; path = APIServices.swift; sourceTree = "<group>"; };
		EDA0094526C80DAA00708355 /* NetworkMonitor.swift */ = {isa = PBXFileReference; lastKnownFileType = sourcecode.swift; path = NetworkMonitor.swift; sourceTree = "<group>"; };
		EDA9CE0A26D24AD600C416F7 /* DetailViewController.swift */ = {isa = PBXFileReference; lastKnownFileType = sourcecode.swift; path = DetailViewController.swift; sourceTree = "<group>"; };
		EDA9CE0B26D24AD600C416F7 /* DetailViewController.xib */ = {isa = PBXFileReference; lastKnownFileType = file.xib; path = DetailViewController.xib; sourceTree = "<group>"; };
		EDC6F57526CF9681006F2327 /* NetworkErrorHandling.swift */ = {isa = PBXFileReference; lastKnownFileType = sourcecode.swift; path = NetworkErrorHandling.swift; sourceTree = "<group>"; };
		EDF9DB1C26D4ED6D006814A1 /* Utils.swift */ = {isa = PBXFileReference; lastKnownFileType = sourcecode.swift; path = Utils.swift; sourceTree = "<group>"; };
/* End PBXFileReference section */

/* Begin PBXFrameworksBuildPhase section */
		ED8C742C26C40B810075DE4E /* Frameworks */ = {
			isa = PBXFrameworksBuildPhase;
			buildActionMask = 2147483647;
			files = (
				ED5DE80926CEB1CA00AABD8D /* Kingfisher in Frameworks */,
			);
			runOnlyForDeploymentPostprocessing = 0;
		};
		ED8C744526C40B820075DE4E /* Frameworks */ = {
			isa = PBXFrameworksBuildPhase;
			buildActionMask = 2147483647;
			files = (
			);
			runOnlyForDeploymentPostprocessing = 0;
		};
		ED8C745026C40B820075DE4E /* Frameworks */ = {
			isa = PBXFrameworksBuildPhase;
			buildActionMask = 2147483647;
			files = (
			);
			runOnlyForDeploymentPostprocessing = 0;
		};
/* End PBXFrameworksBuildPhase section */

/* Begin PBXGroup section */
		ED5DE7F626CEAA1C00AABD8D /* Components */ = {
			isa = PBXGroup;
			children = (
				ED5DE7FD26CEACB100AABD8D /* ActivityIndicator.swift */,
				ED5DE7F726CEAA6600AABD8D /* GameTableViewCell.swift */,
				ED5DE7F826CEAA6600AABD8D /* GameTableViewCell.xib */,
			);
			path = Components;
			sourceTree = "<group>";
		};
		ED6F838126D6FB0B0023F50E /* CoreData */ = {
			isa = PBXGroup;
			children = (
				ED6F838526D6FBD90023F50E /* GameCoreDataModel.xcdatamodeld */,
				ED6F838826D6FC740023F50E /* GameProvider.swift */,
			);
			path = CoreData;
			sourceTree = "<group>";
		};
		ED8C742626C40B810075DE4E = {
			isa = PBXGroup;
			children = (
				ED8C743126C40B810075DE4E /* dolandolen */,
				ED8C744B26C40B820075DE4E /* dolandolenTests */,
				ED8C745626C40B820075DE4E /* dolandolenUITests */,
				ED8C743026C40B810075DE4E /* Products */,
			);
			sourceTree = "<group>";
		};
		ED8C743026C40B810075DE4E /* Products */ = {
			isa = PBXGroup;
			children = (
				ED8C742F26C40B810075DE4E /* dolandolen.app */,
				ED8C744826C40B820075DE4E /* dolandolenTests.xctest */,
				ED8C745326C40B820075DE4E /* dolandolenUITests.xctest */,
			);
			name = Products;
			sourceTree = "<group>";
		};
		ED8C743126C40B810075DE4E /* dolandolen */ = {
			isa = PBXGroup;
			children = (
				ED6F838126D6FB0B0023F50E /* CoreData */,
				EDF9DB1B26D4ED5F006814A1 /* Utils */,
				EDA0094226C80D7100708355 /* Network */,
				ED8C746826C4100D0075DE4E /* Model */,
				ED8C746726C410050075DE4E /* ViewModel */,
				ED8C746626C40FFD0075DE4E /* ViewController */,
				ED8C746526C40FF10075DE4E /* Base */,
				ED8C743E26C40B820075DE4E /* Assets.xcassets */,
				ED8C744326C40B820075DE4E /* Info.plist */,
				ED8C743B26C40B810075DE4E /* dolandolen.xcdatamodeld */,
			);
			path = dolandolen;
			sourceTree = "<group>";
		};
		ED8C744B26C40B820075DE4E /* dolandolenTests */ = {
			isa = PBXGroup;
			children = (
				ED8C744C26C40B820075DE4E /* dolandolenTests.swift */,
				ED8C744E26C40B820075DE4E /* Info.plist */,
			);
			path = dolandolenTests;
			sourceTree = "<group>";
		};
		ED8C745626C40B820075DE4E /* dolandolenUITests */ = {
			isa = PBXGroup;
			children = (
				ED8C745726C40B820075DE4E /* dolandolenUITests.swift */,
				ED8C745926C40B820075DE4E /* Info.plist */,
			);
			path = dolandolenUITests;
			sourceTree = "<group>";
		};
		ED8C746526C40FF10075DE4E /* Base */ = {
			isa = PBXGroup;
			children = (
				ED8C743426C40B810075DE4E /* SceneDelegate.swift */,
				ED8C743226C40B810075DE4E /* AppDelegate.swift */,
				ED8C744026C40B820075DE4E /* LaunchScreen.storyboard */,
			);
			path = Base;
			sourceTree = "<group>";
		};
		ED8C746626C40FFD0075DE4E /* ViewController */ = {
			isa = PBXGroup;
			children = (
				ED5DE7F626CEAA1C00AABD8D /* Components */,
				ED8C746926C410440075DE4E /* TabbarViewController.swift */,
				ED8C746B26C410AD0075DE4E /* AboutViewController.swift */,
				ED8C746D26C4122D0075DE4E /* HomeViewController.swift */,
				EDA9CE0A26D24AD600C416F7 /* DetailViewController.swift */,
				EDA9CE0B26D24AD600C416F7 /* DetailViewController.xib */,
				ED1A0D7926D3BD400044B77B /* SearchViewController.swift */,
				ED6F837F26D6FA970023F50E /* FavoritesViewController.swift */,
			);
			path = ViewController;
			sourceTree = "<group>";
		};
		ED8C746726C410050075DE4E /* ViewModel */ = {
			isa = PBXGroup;
			children = (
				ED5DE80326CEAFED00AABD8D /* HomeViewModel.swift */,
				ED1B409F26CFE6DE000C0157 /* DetailViewModel.swift */,
				ED1A0D7726D3BC9B0044B77B /* SearchViewModel.swift */,
				ED6F837D26D6FA640023F50E /* FavoritesViewModel.swift */,
			);
			path = ViewModel;
			sourceTree = "<group>";
		};
		ED8C746826C4100D0075DE4E /* Model */ = {
			isa = PBXGroup;
			children = (
				ED5DE7FF26CEAEBB00AABD8D /* GameModel.swift */,
				ED5DE80126CEAF1800AABD8D /* GameDetailModel.swift */,
			);
			path = Model;
			sourceTree = "<group>";
		};
		EDA0094226C80D7100708355 /* Network */ = {
			isa = PBXGroup;
			children = (
				EDA0094326C80D9000708355 /* APIServices.swift */,
				EDA0094526C80DAA00708355 /* NetworkMonitor.swift */,
				EDC6F57526CF9681006F2327 /* NetworkErrorHandling.swift */,
			);
			path = Network;
			sourceTree = "<group>";
		};
		EDF9DB1B26D4ED5F006814A1 /* Utils */ = {
			isa = PBXGroup;
			children = (
				EDF9DB1C26D4ED6D006814A1 /* Utils.swift */,
			);
			path = Utils;
			sourceTree = "<group>";
		};
/* End PBXGroup section */

/* Begin PBXNativeTarget section */
		ED8C742E26C40B810075DE4E /* dolandolen */ = {
			isa = PBXNativeTarget;
			buildConfigurationList = ED8C745C26C40B820075DE4E /* Build configuration list for PBXNativeTarget "dolandolen" */;
			buildPhases = (
				ED8C742B26C40B810075DE4E /* Sources */,
				ED8C742C26C40B810075DE4E /* Frameworks */,
				ED8C742D26C40B810075DE4E /* Resources */,
				ED85705126D4D71200E03BFE /* ShellScript */,
			);
			buildRules = (
			);
			dependencies = (
			);
			name = dolandolen;
			packageProductDependencies = (
				ED5DE80826CEB1CA00AABD8D /* Kingfisher */,
			);
			productName = dolandolen;
			productReference = ED8C742F26C40B810075DE4E /* dolandolen.app */;
			productType = "com.apple.product-type.application";
		};
		ED8C744726C40B820075DE4E /* dolandolenTests */ = {
			isa = PBXNativeTarget;
			buildConfigurationList = ED8C745F26C40B820075DE4E /* Build configuration list for PBXNativeTarget "dolandolenTests" */;
			buildPhases = (
				ED8C744426C40B820075DE4E /* Sources */,
				ED8C744526C40B820075DE4E /* Frameworks */,
				ED8C744626C40B820075DE4E /* Resources */,
			);
			buildRules = (
			);
			dependencies = (
				ED8C744A26C40B820075DE4E /* PBXTargetDependency */,
			);
			name = dolandolenTests;
			productName = dolandolenTests;
			productReference = ED8C744826C40B820075DE4E /* dolandolenTests.xctest */;
			productType = "com.apple.product-type.bundle.unit-test";
		};
		ED8C745226C40B820075DE4E /* dolandolenUITests */ = {
			isa = PBXNativeTarget;
			buildConfigurationList = ED8C746226C40B820075DE4E /* Build configuration list for PBXNativeTarget "dolandolenUITests" */;
			buildPhases = (
				ED8C744F26C40B820075DE4E /* Sources */,
				ED8C745026C40B820075DE4E /* Frameworks */,
				ED8C745126C40B820075DE4E /* Resources */,
			);
			buildRules = (
			);
			dependencies = (
				ED8C745526C40B820075DE4E /* PBXTargetDependency */,
			);
			name = dolandolenUITests;
			productName = dolandolenUITests;
			productReference = ED8C745326C40B820075DE4E /* dolandolenUITests.xctest */;
			productType = "com.apple.product-type.bundle.ui-testing";
		};
/* End PBXNativeTarget section */

/* Begin PBXProject section */
		ED8C742726C40B810075DE4E /* Project object */ = {
			isa = PBXProject;
			attributes = {
				LastSwiftUpdateCheck = 1250;
				LastUpgradeCheck = 1250;
				TargetAttributes = {
					ED8C742E26C40B810075DE4E = {
						CreatedOnToolsVersion = 12.5.1;
					};
					ED8C744726C40B820075DE4E = {
						CreatedOnToolsVersion = 12.5.1;
						TestTargetID = ED8C742E26C40B810075DE4E;
					};
					ED8C745226C40B820075DE4E = {
						CreatedOnToolsVersion = 12.5.1;
						TestTargetID = ED8C742E26C40B810075DE4E;
					};
				};
			};
			buildConfigurationList = ED8C742A26C40B810075DE4E /* Build configuration list for PBXProject "dolandolen" */;
			compatibilityVersion = "Xcode 9.3";
			developmentRegion = en;
			hasScannedForEncodings = 0;
			knownRegions = (
				en,
				Base,
			);
			mainGroup = ED8C742626C40B810075DE4E;
			packageReferences = (
				ED5DE80726CEB1CA00AABD8D /* XCRemoteSwiftPackageReference "Kingfisher" */,
			);
			productRefGroup = ED8C743026C40B810075DE4E /* Products */;
			projectDirPath = "";
			projectRoot = "";
			targets = (
				ED8C742E26C40B810075DE4E /* dolandolen */,
				ED8C744726C40B820075DE4E /* dolandolenTests */,
				ED8C745226C40B820075DE4E /* dolandolenUITests */,
			);
		};
/* End PBXProject section */

/* Begin PBXResourcesBuildPhase section */
		ED8C742D26C40B810075DE4E /* Resources */ = {
			isa = PBXResourcesBuildPhase;
			buildActionMask = 2147483647;
			files = (
				ED8C744226C40B820075DE4E /* LaunchScreen.storyboard in Resources */,
				ED8C743F26C40B820075DE4E /* Assets.xcassets in Resources */,
				ED5DE7FA26CEAA6600AABD8D /* GameTableViewCell.xib in Resources */,
				EDA9CE0D26D24AD600C416F7 /* DetailViewController.xib in Resources */,
			);
			runOnlyForDeploymentPostprocessing = 0;
		};
		ED8C744626C40B820075DE4E /* Resources */ = {
			isa = PBXResourcesBuildPhase;
			buildActionMask = 2147483647;
			files = (
			);
			runOnlyForDeploymentPostprocessing = 0;
		};
		ED8C745126C40B820075DE4E /* Resources */ = {
			isa = PBXResourcesBuildPhase;
			buildActionMask = 2147483647;
			files = (
			);
			runOnlyForDeploymentPostprocessing = 0;
		};
/* End PBXResourcesBuildPhase section */

/* Begin PBXShellScriptBuildPhase section */
		ED85705126D4D71200E03BFE /* ShellScript */ = {
			isa = PBXShellScriptBuildPhase;
			buildActionMask = 2147483647;
			files = (
			);
			inputFileListPaths = (
			);
			inputPaths = (
			);
			outputFileListPaths = (
			);
			outputPaths = (
			);
			runOnlyForDeploymentPostprocessing = 0;
			shellPath = /bin/sh;
			shellScript = "if which swiftlint >/dev/null; then\n  swiftlint\nelse\n  echo \"warning: SwiftLint not installed, download from https://github.com/realm/SwiftLint\"\nfi\n";
		};
/* End PBXShellScriptBuildPhase section */

/* Begin PBXSourcesBuildPhase section */
		ED8C742B26C40B810075DE4E /* Sources */ = {
			isa = PBXSourcesBuildPhase;
			buildActionMask = 2147483647;
			files = (
				ED1B40A026CFE6DE000C0157 /* DetailViewModel.swift in Sources */,
				ED8C746C26C410AD0075DE4E /* AboutViewController.swift in Sources */,
				ED8C746A26C410440075DE4E /* TabbarViewController.swift in Sources */,
				ED5DE80226CEAF1800AABD8D /* GameDetailModel.swift in Sources */,
				ED1A0D7826D3BC9B0044B77B /* SearchViewModel.swift in Sources */,
				ED5DE7F926CEAA6600AABD8D /* GameTableViewCell.swift in Sources */,
				EDA0094426C80D9000708355 /* APIServices.swift in Sources */,
				ED8C743326C40B810075DE4E /* AppDelegate.swift in Sources */,
				ED8C743526C40B810075DE4E /* SceneDelegate.swift in Sources */,
				ED1A0D7A26D3BD400044B77B /* SearchViewController.swift in Sources */,
				EDA9CE0C26D24AD600C416F7 /* DetailViewController.swift in Sources */,
				ED8C746E26C4122D0075DE4E /* HomeViewController.swift in Sources */,
				ED5DE80426CEAFED00AABD8D /* HomeViewModel.swift in Sources */,
				EDA0094626C80DAA00708355 /* NetworkMonitor.swift in Sources */,
				ED5DE7FE26CEACB100AABD8D /* ActivityIndicator.swift in Sources */,
				ED6F837E26D6FA640023F50E /* FavoritesViewModel.swift in Sources */,
				ED6F838026D6FA970023F50E /* FavoritesViewController.swift in Sources */,
				EDC6F57626CF9681006F2327 /* NetworkErrorHandling.swift in Sources */,
				ED6F838726D6FBD90023F50E /* GameCoreDataModel.xcdatamodeld in Sources */,
				ED8C743D26C40B810075DE4E /* dolandolen.xcdatamodeld in Sources */,
				EDF9DB1D26D4ED6D006814A1 /* Utils.swift in Sources */,
				ED6F838926D6FC740023F50E /* GameProvider.swift in Sources */,
				ED5DE80026CEAEBB00AABD8D /* GameModel.swift in Sources */,
			);
			runOnlyForDeploymentPostprocessing = 0;
		};
		ED8C744426C40B820075DE4E /* Sources */ = {
			isa = PBXSourcesBuildPhase;
			buildActionMask = 2147483647;
			files = (
				ED8C744D26C40B820075DE4E /* dolandolenTests.swift in Sources */,
			);
			runOnlyForDeploymentPostprocessing = 0;
		};
		ED8C744F26C40B820075DE4E /* Sources */ = {
			isa = PBXSourcesBuildPhase;
			buildActionMask = 2147483647;
			files = (
				ED8C745826C40B820075DE4E /* dolandolenUITests.swift in Sources */,
			);
			runOnlyForDeploymentPostprocessing = 0;
		};
/* End PBXSourcesBuildPhase section */

/* Begin PBXTargetDependency section */
		ED8C744A26C40B820075DE4E /* PBXTargetDependency */ = {
			isa = PBXTargetDependency;
			target = ED8C742E26C40B810075DE4E /* dolandolen */;
			targetProxy = ED8C744926C40B820075DE4E /* PBXContainerItemProxy */;
		};
		ED8C745526C40B820075DE4E /* PBXTargetDependency */ = {
			isa = PBXTargetDependency;
			target = ED8C742E26C40B810075DE4E /* dolandolen */;
			targetProxy = ED8C745426C40B820075DE4E /* PBXContainerItemProxy */;
		};
/* End PBXTargetDependency section */

/* Begin PBXVariantGroup section */
		ED8C744026C40B820075DE4E /* LaunchScreen.storyboard */ = {
			isa = PBXVariantGroup;
			children = (
				ED8C744126C40B820075DE4E /* Base */,
			);
			name = LaunchScreen.storyboard;
			sourceTree = "<group>";
		};
/* End PBXVariantGroup section */

/* Begin XCBuildConfiguration section */
		ED8C745A26C40B820075DE4E /* Debug */ = {
			isa = XCBuildConfiguration;
			buildSettings = {
				ALWAYS_SEARCH_USER_PATHS = NO;
				CLANG_ANALYZER_NONNULL = YES;
				CLANG_ANALYZER_NUMBER_OBJECT_CONVERSION = YES_AGGRESSIVE;
				CLANG_CXX_LANGUAGE_STANDARD = "gnu++14";
				CLANG_CXX_LIBRARY = "libc++";
				CLANG_ENABLE_MODULES = YES;
				CLANG_ENABLE_OBJC_ARC = YES;
				CLANG_ENABLE_OBJC_WEAK = YES;
				CLANG_WARN_BLOCK_CAPTURE_AUTORELEASING = YES;
				CLANG_WARN_BOOL_CONVERSION = YES;
				CLANG_WARN_COMMA = YES;
				CLANG_WARN_CONSTANT_CONVERSION = YES;
				CLANG_WARN_DEPRECATED_OBJC_IMPLEMENTATIONS = YES;
				CLANG_WARN_DIRECT_OBJC_ISA_USAGE = YES_ERROR;
				CLANG_WARN_DOCUMENTATION_COMMENTS = YES;
				CLANG_WARN_EMPTY_BODY = YES;
				CLANG_WARN_ENUM_CONVERSION = YES;
				CLANG_WARN_INFINITE_RECURSION = YES;
				CLANG_WARN_INT_CONVERSION = YES;
				CLANG_WARN_NON_LITERAL_NULL_CONVERSION = YES;
				CLANG_WARN_OBJC_IMPLICIT_RETAIN_SELF = YES;
				CLANG_WARN_OBJC_LITERAL_CONVERSION = YES;
				CLANG_WARN_OBJC_ROOT_CLASS = YES_ERROR;
				CLANG_WARN_QUOTED_INCLUDE_IN_FRAMEWORK_HEADER = YES;
				CLANG_WARN_RANGE_LOOP_ANALYSIS = YES;
				CLANG_WARN_STRICT_PROTOTYPES = YES;
				CLANG_WARN_SUSPICIOUS_MOVE = YES;
				CLANG_WARN_UNGUARDED_AVAILABILITY = YES_AGGRESSIVE;
				CLANG_WARN_UNREACHABLE_CODE = YES;
				CLANG_WARN__DUPLICATE_METHOD_MATCH = YES;
				COPY_PHASE_STRIP = NO;
				DEBUG_INFORMATION_FORMAT = dwarf;
				ENABLE_STRICT_OBJC_MSGSEND = YES;
				ENABLE_TESTABILITY = YES;
				GCC_C_LANGUAGE_STANDARD = gnu11;
				GCC_DYNAMIC_NO_PIC = NO;
				GCC_NO_COMMON_BLOCKS = YES;
				GCC_OPTIMIZATION_LEVEL = 0;
				GCC_PREPROCESSOR_DEFINITIONS = (
					"DEBUG=1",
					"$(inherited)",
				);
				GCC_WARN_64_TO_32_BIT_CONVERSION = YES;
				GCC_WARN_ABOUT_RETURN_TYPE = YES_ERROR;
				GCC_WARN_UNDECLARED_SELECTOR = YES;
				GCC_WARN_UNINITIALIZED_AUTOS = YES_AGGRESSIVE;
				GCC_WARN_UNUSED_FUNCTION = YES;
				GCC_WARN_UNUSED_VARIABLE = YES;
				IPHONEOS_DEPLOYMENT_TARGET = 14.5;
				MTL_ENABLE_DEBUG_INFO = INCLUDE_SOURCE;
				MTL_FAST_MATH = YES;
				ONLY_ACTIVE_ARCH = YES;
				SDKROOT = iphoneos;
				SWIFT_ACTIVE_COMPILATION_CONDITIONS = DEBUG;
				SWIFT_OPTIMIZATION_LEVEL = "-Onone";
			};
			name = Debug;
		};
		ED8C745B26C40B820075DE4E /* Release */ = {
			isa = XCBuildConfiguration;
			buildSettings = {
				ALWAYS_SEARCH_USER_PATHS = NO;
				CLANG_ANALYZER_NONNULL = YES;
				CLANG_ANALYZER_NUMBER_OBJECT_CONVERSION = YES_AGGRESSIVE;
				CLANG_CXX_LANGUAGE_STANDARD = "gnu++14";
				CLANG_CXX_LIBRARY = "libc++";
				CLANG_ENABLE_MODULES = YES;
				CLANG_ENABLE_OBJC_ARC = YES;
				CLANG_ENABLE_OBJC_WEAK = YES;
				CLANG_WARN_BLOCK_CAPTURE_AUTORELEASING = YES;
				CLANG_WARN_BOOL_CONVERSION = YES;
				CLANG_WARN_COMMA = YES;
				CLANG_WARN_CONSTANT_CONVERSION = YES;
				CLANG_WARN_DEPRECATED_OBJC_IMPLEMENTATIONS = YES;
				CLANG_WARN_DIRECT_OBJC_ISA_USAGE = YES_ERROR;
				CLANG_WARN_DOCUMENTATION_COMMENTS = YES;
				CLANG_WARN_EMPTY_BODY = YES;
				CLANG_WARN_ENUM_CONVERSION = YES;
				CLANG_WARN_INFINITE_RECURSION = YES;
				CLANG_WARN_INT_CONVERSION = YES;
				CLANG_WARN_NON_LITERAL_NULL_CONVERSION = YES;
				CLANG_WARN_OBJC_IMPLICIT_RETAIN_SELF = YES;
				CLANG_WARN_OBJC_LITERAL_CONVERSION = YES;
				CLANG_WARN_OBJC_ROOT_CLASS = YES_ERROR;
				CLANG_WARN_QUOTED_INCLUDE_IN_FRAMEWORK_HEADER = YES;
				CLANG_WARN_RANGE_LOOP_ANALYSIS = YES;
				CLANG_WARN_STRICT_PROTOTYPES = YES;
				CLANG_WARN_SUSPICIOUS_MOVE = YES;
				CLANG_WARN_UNGUARDED_AVAILABILITY = YES_AGGRESSIVE;
				CLANG_WARN_UNREACHABLE_CODE = YES;
				CLANG_WARN__DUPLICATE_METHOD_MATCH = YES;
				COPY_PHASE_STRIP = NO;
				DEBUG_INFORMATION_FORMAT = "dwarf-with-dsym";
				ENABLE_NS_ASSERTIONS = NO;
				ENABLE_STRICT_OBJC_MSGSEND = YES;
				GCC_C_LANGUAGE_STANDARD = gnu11;
				GCC_NO_COMMON_BLOCKS = YES;
				GCC_WARN_64_TO_32_BIT_CONVERSION = YES;
				GCC_WARN_ABOUT_RETURN_TYPE = YES_ERROR;
				GCC_WARN_UNDECLARED_SELECTOR = YES;
				GCC_WARN_UNINITIALIZED_AUTOS = YES_AGGRESSIVE;
				GCC_WARN_UNUSED_FUNCTION = YES;
				GCC_WARN_UNUSED_VARIABLE = YES;
				IPHONEOS_DEPLOYMENT_TARGET = 14.5;
				MTL_ENABLE_DEBUG_INFO = NO;
				MTL_FAST_MATH = YES;
				SDKROOT = iphoneos;
				SWIFT_COMPILATION_MODE = wholemodule;
				SWIFT_OPTIMIZATION_LEVEL = "-O";
				VALIDATE_PRODUCT = YES;
			};
			name = Release;
		};
		ED8C745D26C40B820075DE4E /* Debug */ = {
			isa = XCBuildConfiguration;
			buildSettings = {
				ASSETCATALOG_COMPILER_APPICON_NAME = AppIcon;
				ASSETCATALOG_COMPILER_GLOBAL_ACCENT_COLOR_NAME = AccentColor;
				CODE_SIGN_STYLE = Automatic;
				DEVELOPMENT_TEAM = DR6DV84J94;
				INFOPLIST_FILE = dolandolen/Info.plist;
				LD_RUNPATH_SEARCH_PATHS = (
					"$(inherited)",
					"@executable_path/Frameworks",
				);
				PRODUCT_BUNDLE_IDENTIFIER = MeetUcup.dolandolen;
				PRODUCT_NAME = "$(TARGET_NAME)";
				SWIFT_VERSION = 5.0;
				TARGETED_DEVICE_FAMILY = "1,2";
			};
			name = Debug;
		};
		ED8C745E26C40B820075DE4E /* Release */ = {
			isa = XCBuildConfiguration;
			buildSettings = {
				ASSETCATALOG_COMPILER_APPICON_NAME = AppIcon;
				ASSETCATALOG_COMPILER_GLOBAL_ACCENT_COLOR_NAME = AccentColor;
				CODE_SIGN_STYLE = Automatic;
				DEVELOPMENT_TEAM = DR6DV84J94;
				INFOPLIST_FILE = dolandolen/Info.plist;
				LD_RUNPATH_SEARCH_PATHS = (
					"$(inherited)",
					"@executable_path/Frameworks",
				);
				PRODUCT_BUNDLE_IDENTIFIER = MeetUcup.dolandolen;
				PRODUCT_NAME = "$(TARGET_NAME)";
				SWIFT_VERSION = 5.0;
				TARGETED_DEVICE_FAMILY = "1,2";
			};
			name = Release;
		};
		ED8C746026C40B820075DE4E /* Debug */ = {
			isa = XCBuildConfiguration;
			buildSettings = {
				ALWAYS_EMBED_SWIFT_STANDARD_LIBRARIES = YES;
				BUNDLE_LOADER = "$(TEST_HOST)";
				CODE_SIGN_STYLE = Automatic;
				DEVELOPMENT_TEAM = DR6DV84J94;
				INFOPLIST_FILE = dolandolenTests/Info.plist;
				IPHONEOS_DEPLOYMENT_TARGET = 14.5;
				LD_RUNPATH_SEARCH_PATHS = (
					"$(inherited)",
					"@executable_path/Frameworks",
					"@loader_path/Frameworks",
				);
				PRODUCT_BUNDLE_IDENTIFIER = MeetUcup.dolandolenTests;
				PRODUCT_NAME = "$(TARGET_NAME)";
				SWIFT_VERSION = 5.0;
				TARGETED_DEVICE_FAMILY = "1,2";
				TEST_HOST = "$(BUILT_PRODUCTS_DIR)/dolandolen.app/dolandolen";
			};
			name = Debug;
		};
		ED8C746126C40B820075DE4E /* Release */ = {
			isa = XCBuildConfiguration;
			buildSettings = {
				ALWAYS_EMBED_SWIFT_STANDARD_LIBRARIES = YES;
				BUNDLE_LOADER = "$(TEST_HOST)";
				CODE_SIGN_STYLE = Automatic;
				DEVELOPMENT_TEAM = DR6DV84J94;
				INFOPLIST_FILE = dolandolenTests/Info.plist;
				IPHONEOS_DEPLOYMENT_TARGET = 14.5;
				LD_RUNPATH_SEARCH_PATHS = (
					"$(inherited)",
					"@executable_path/Frameworks",
					"@loader_path/Frameworks",
				);
				PRODUCT_BUNDLE_IDENTIFIER = MeetUcup.dolandolenTests;
				PRODUCT_NAME = "$(TARGET_NAME)";
				SWIFT_VERSION = 5.0;
				TARGETED_DEVICE_FAMILY = "1,2";
				TEST_HOST = "$(BUILT_PRODUCTS_DIR)/dolandolen.app/dolandolen";
			};
			name = Release;
		};
		ED8C746326C40B820075DE4E /* Debug */ = {
			isa = XCBuildConfiguration;
			buildSettings = {
				ALWAYS_EMBED_SWIFT_STANDARD_LIBRARIES = YES;
				CODE_SIGN_STYLE = Automatic;
				DEVELOPMENT_TEAM = DR6DV84J94;
				INFOPLIST_FILE = dolandolenUITests/Info.plist;
				LD_RUNPATH_SEARCH_PATHS = (
					"$(inherited)",
					"@executable_path/Frameworks",
					"@loader_path/Frameworks",
				);
				PRODUCT_BUNDLE_IDENTIFIER = MeetUcup.dolandolenUITests;
				PRODUCT_NAME = "$(TARGET_NAME)";
				SWIFT_VERSION = 5.0;
				TARGETED_DEVICE_FAMILY = "1,2";
				TEST_TARGET_NAME = dolandolen;
			};
			name = Debug;
		};
		ED8C746426C40B820075DE4E /* Release */ = {
			isa = XCBuildConfiguration;
			buildSettings = {
				ALWAYS_EMBED_SWIFT_STANDARD_LIBRARIES = YES;
				CODE_SIGN_STYLE = Automatic;
				DEVELOPMENT_TEAM = DR6DV84J94;
				INFOPLIST_FILE = dolandolenUITests/Info.plist;
				LD_RUNPATH_SEARCH_PATHS = (
					"$(inherited)",
					"@executable_path/Frameworks",
					"@loader_path/Frameworks",
				);
				PRODUCT_BUNDLE_IDENTIFIER = MeetUcup.dolandolenUITests;
				PRODUCT_NAME = "$(TARGET_NAME)";
				SWIFT_VERSION = 5.0;
				TARGETED_DEVICE_FAMILY = "1,2";
				TEST_TARGET_NAME = dolandolen;
			};
			name = Release;
		};
/* End XCBuildConfiguration section */

/* Begin XCConfigurationList section */
		ED8C742A26C40B810075DE4E /* Build configuration list for PBXProject "dolandolen" */ = {
			isa = XCConfigurationList;
			buildConfigurations = (
				ED8C745A26C40B820075DE4E /* Debug */,
				ED8C745B26C40B820075DE4E /* Release */,
			);
			defaultConfigurationIsVisible = 0;
			defaultConfigurationName = Release;
		};
		ED8C745C26C40B820075DE4E /* Build configuration list for PBXNativeTarget "dolandolen" */ = {
			isa = XCConfigurationList;
			buildConfigurations = (
				ED8C745D26C40B820075DE4E /* Debug */,
				ED8C745E26C40B820075DE4E /* Release */,
			);
			defaultConfigurationIsVisible = 0;
			defaultConfigurationName = Release;
		};
		ED8C745F26C40B820075DE4E /* Build configuration list for PBXNativeTarget "dolandolenTests" */ = {
			isa = XCConfigurationList;
			buildConfigurations = (
				ED8C746026C40B820075DE4E /* Debug */,
				ED8C746126C40B820075DE4E /* Release */,
			);
			defaultConfigurationIsVisible = 0;
			defaultConfigurationName = Release;
		};
		ED8C746226C40B820075DE4E /* Build configuration list for PBXNativeTarget "dolandolenUITests" */ = {
			isa = XCConfigurationList;
			buildConfigurations = (
				ED8C746326C40B820075DE4E /* Debug */,
				ED8C746426C40B820075DE4E /* Release */,
			);
			defaultConfigurationIsVisible = 0;
			defaultConfigurationName = Release;
		};
/* End XCConfigurationList section */

/* Begin XCRemoteSwiftPackageReference section */
		ED5DE80726CEB1CA00AABD8D /* XCRemoteSwiftPackageReference "Kingfisher" */ = {
			isa = XCRemoteSwiftPackageReference;
			repositoryURL = "https://github.com/onevcat/Kingfisher.git";
			requirement = {
				kind = upToNextMajorVersion;
				minimumVersion = 6.3.1;
			};
		};
/* End XCRemoteSwiftPackageReference section */

/* Begin XCSwiftPackageProductDependency section */
		ED5DE80826CEB1CA00AABD8D /* Kingfisher */ = {
			isa = XCSwiftPackageProductDependency;
			package = ED5DE80726CEB1CA00AABD8D /* XCRemoteSwiftPackageReference "Kingfisher" */;
			productName = Kingfisher;
		};
/* End XCSwiftPackageProductDependency section */

/* Begin XCVersionGroup section */
		ED6F838526D6FBD90023F50E /* GameCoreDataModel.xcdatamodeld */ = {
			isa = XCVersionGroup;
			children = (
				ED6F838626D6FBD90023F50E /* GameCoreDataModel.xcdatamodel */,
			);
			currentVersion = ED6F838626D6FBD90023F50E /* GameCoreDataModel.xcdatamodel */;
			path = GameCoreDataModel.xcdatamodeld;
			sourceTree = "<group>";
			versionGroupType = wrapper.xcdatamodel;
		};
		ED8C743B26C40B810075DE4E /* dolandolen.xcdatamodeld */ = {
			isa = XCVersionGroup;
			children = (
				ED8C743C26C40B810075DE4E /* dolandolen.xcdatamodel */,
			);
			currentVersion = ED8C743C26C40B810075DE4E /* dolandolen.xcdatamodel */;
			path = dolandolen.xcdatamodeld;
			sourceTree = "<group>";
			versionGroupType = wrapper.xcdatamodel;
		};
/* End XCVersionGroup section */
	};
	rootObject = ED8C742726C40B810075DE4E /* Project object */;
}
